# This file is autogenerated, do not edit; changes may be undone by the next 'dep ensure'.


[[projects]]
  digest = "1:85001e36dc02c1687717c4b2afa90a7433c173ab8d7ca887527d59496f5283ce"
  name = "github.com/aws/aws-sdk-go"
  packages = [
    "aws",
    "aws/awserr",
    "aws/awsutil",
    "aws/client/metadata",
    "aws/credentials",
    "aws/endpoints",
    "aws/request",
    "aws/signer/v4",
    "internal/context",
    "internal/ini",
    "internal/sdkio",
    "internal/sdkmath",
    "internal/shareddefaults",
    "internal/strings",
    "internal/sync/singleflight",
    "private/protocol",
    "private/protocol/rest",
  ]
  pruneopts = "UT"
  revision = "e0475a0e1a9864dc39938279806a91ace8c2dbf5"
  version = "v1.38.51"

[[projects]]
  branch = "master"
  digest = "1:615811fa58b830195c12ad4509eb40d0daf34872879cfb8bd3d65e08df2d0c3f"
  name = "github.com/bradfitz/gomemcache"
  packages = ["memcache"]
  pruneopts = "UT"
  revision = "a41fca850d0b6f392931a78cbae438803ea0b886"

[[projects]]
  digest = "1:f7184bb17a1dcbe272dd052bbc3f15bd3edc19fea7b74cd45b12c5d61fce030d"
  name = "github.com/garyburd/redigo"
  packages = [
    "internal",
    "redis",
  ]
  pruneopts = "UT"
  revision = "569eae59ada904ea8db7a225c2b47165af08735a"
  version = "v1.6.2"

[[projects]]
  digest = "1:e3b25b60c5598d88c45b25d85a76816d0a81fc3fd46c00791136614c1183fc0b"
  name = "github.com/go-sql-driver/mysql"
  packages = ["."]
  pruneopts = "UT"
  revision = "bcc459a906419e2890a50fc2c99ea6dd927a88f2"
  version = "v1.6.0"

[[projects]]
  digest = "1:586ea76dbd0374d6fb649a91d70d652b7fe0ccffb8910a77468e7702e7901f3d"
  name = "github.com/go-stack/stack"
  packages = ["."]
  pruneopts = "UT"
  revision = "2fee6af1a9795aafbe0253a0cfbdf668e1fb8a9a"
  version = "v1.8.0"

[[projects]]
  digest = "1:517c4dd8b618aa9053dfde13c4391dff6e43f7445c2d2b394c0cb9861ba209c8"
  name = "github.com/golang/snappy"
  packages = ["."]
  pruneopts = "UT"
  revision = "674baa8c7fc30da5df3074a459494a7e6b427dff"
  version = "v0.0.3"

[[projects]]
  digest = "1:bb81097a5b62634f3e9fec1014657855610c82d19b9a40c17612e32651e35dca"
  name = "github.com/jmespath/go-jmespath"
  packages = ["."]
  pruneopts = "UT"
  revision = "c2b33e84"

[[projects]]
  digest = "1:fbb44fecabe203efc76642de212f8bd4ed7e9ca00a0435f96437ce27746057a7"
  name = "github.com/klauspost/compress"
  packages = [
    "fse",
    "huff0",
    "zstd",
    "zstd/internal/xxhash",
  ]
  pruneopts = "UT"
  revision = "b5e94846a1d80810bb45b07c0eff474947502a6f"
  version = "v1.12.3"

[[projects]]
  digest = "1:9e1d37b58d17113ec3cb5608ac0382313c5b59470b94ed97d0976e69c7022314"
  name = "github.com/pkg/errors"
  packages = ["."]
  pruneopts = "UT"
  revision = "614d223910a179a466c1767a985424175c39b465"
  version = "v0.9.1"

[[projects]]
  digest = "1:0e4d997532a1c11d2eb65a228c63f988c7be708125a315c68e9783284ba526bb"
  name = "github.com/xdg-go/pbkdf2"
  packages = ["."]
  pruneopts = "UT"
  revision = "7f452ef1dac88350356f1bb84a23748205e64b96"
  version = "v1.0.0"

[[projects]]
  digest = "1:65d7c0fbf88c260d710799326b9c1489d9e23ee31c4cf6fa177e356db296626b"
  name = "github.com/xdg-go/scram"
  packages = ["."]
  pruneopts = "UT"
  revision = "2ad501880a7f7bcc9af290278baa3658c9a2f2cd"
  version = "v1.0.2"

[[projects]]
  digest = "1:7efa049f6227cbe37fb4254ed2b36bafc165010125f6e12f537a4416a947bcdd"
  name = "github.com/xdg-go/stringprep"
  packages = ["."]
  pruneopts = "UT"
  revision = "4fcaaf19bc2a8e388ba275a82eb34c29abcd0bc9"
  version = "v1.0.2"

[[projects]]
  digest = "1:1c81a3a4880ad32382ab73d8bf43eb9a75132a9055354cd08f492fea9b2e4598"
  name = "github.com/youmark/pkcs8"
  packages = ["."]
  pruneopts = "UT"
  revision = "1be2e3e5546da8a58903ff4adcfab015022538ea"
  version = "v1.1"

[[projects]]
  digest = "1:206529229d7a60167ddcaa4f101c91708df9a1590c99c2d4b62aafd74b53df2a"
  name = "go.mongodb.org/mongo-driver"
  packages = [
    "bson",
    "bson/bsoncodec",
    "bson/bsonoptions",
    "bson/bsonrw",
    "bson/bsontype",
    "bson/primitive",
    "event",
    "internal",
    "mongo",
    "mongo/address",
    "mongo/description",
    "mongo/options",
    "mongo/readconcern",
    "mongo/readpref",
    "mongo/writeconcern",
    "tag",
    "version",
    "x/bsonx",
    "x/bsonx/bsoncore",
    "x/mongo/driver",
    "x/mongo/driver/auth",
    "x/mongo/driver/auth/internal/gssapi",
    "x/mongo/driver/connstring",
    "x/mongo/driver/dns",
    "x/mongo/driver/mongocrypt",
    "x/mongo/driver/mongocrypt/options",
    "x/mongo/driver/ocsp",
    "x/mongo/driver/operation",
    "x/mongo/driver/session",
    "x/mongo/driver/topology",
    "x/mongo/driver/uuid",
    "x/mongo/driver/wiremessage",
  ]
  pruneopts = "UT"
  revision = "6147f9f8f2ce9312a7c3e8e050c3258f9370e180"
  version = "v1.5.2"

[[projects]]
  digest = "1:5054a1f394226de9e6ddc47b0ba77e35092a4112f4a1cd9cb94aba1f5bdc3ec6"
  name = "gopkg.in/yaml.v2"
  packages = ["."]
  pruneopts = "UT"
  revision = "7649d4548cb53a614db133b2a8ac1f31859dda8c"
  version = "v2.4.0"

[solve-meta]
  analyzer-name = "dep"
  analyzer-version = 1
  input-imports = [
    "github.com/bradfitz/gomemcache/memcache",
    "github.com/garyburd/redigo/redis",
    "github.com/go-sql-driver/mysql",
    "go.mongodb.org/mongo-driver/mongo",
    "gopkg.in/yaml.v2",
  ]
  solver-name = "gps-cdcl"
  solver-version = 1
